// !$*UTF8*$!
{
	archiveVersion = 1;
	classes = {
	};
	objectVersion = 55;
	objects = {

/* Begin PBXBuildFile section */
		AC0295E3277E5A900058D664 /* Covid19APIByCountryResponse.swift in Sources */ = {isa = PBXBuildFile; fileRef = AC0295E2277E4A910058D664 /* Covid19APIByCountryResponse.swift */; };
		AC0295E4277E5A910058D664 /* Covid19APIByCountryResponse.swift in Sources */ = {isa = PBXBuildFile; fileRef = AC0295E2277E4A910058D664 /* Covid19APIByCountryResponse.swift */; };
		AC752F1E277E214900EDCF78 /* DateHelper.swift in Sources */ = {isa = PBXBuildFile; fileRef = AC559E56277E20D900F2A382 /* DateHelper.swift */; };
		AC752F1F277E214900EDCF78 /* DateHelper.swift in Sources */ = {isa = PBXBuildFile; fileRef = AC559E56277E20D900F2A382 /* DateHelper.swift */; };
		AC8BDD98277CEB3F00B702B2 /* Tests_iOS.swift in Sources */ = {isa = PBXBuildFile; fileRef = AC8BDD97277CEB3F00B702B2 /* Tests_iOS.swift */; };
		AC8BDD9A277CEB3F00B702B2 /* Tests_iOSLaunchTests.swift in Sources */ = {isa = PBXBuildFile; fileRef = AC8BDD99277CEB3F00B702B2 /* Tests_iOSLaunchTests.swift */; };
		AC8BDDA4277CEB3F00B702B2 /* Tests_macOS.swift in Sources */ = {isa = PBXBuildFile; fileRef = AC8BDDA3277CEB3F00B702B2 /* Tests_macOS.swift */; };
		AC8BDDA6277CEB3F00B702B2 /* Tests_macOSLaunchTests.swift in Sources */ = {isa = PBXBuildFile; fileRef = AC8BDDA5277CEB3F00B702B2 /* Tests_macOSLaunchTests.swift */; };
		AC8BDDA7277CEB3F00B702B2 /* c19widgetApp.swift in Sources */ = {isa = PBXBuildFile; fileRef = AC8BDD7F277CEB3E00B702B2 /* c19widgetApp.swift */; };
		AC8BDDA8277CEB3F00B702B2 /* c19widgetApp.swift in Sources */ = {isa = PBXBuildFile; fileRef = AC8BDD7F277CEB3E00B702B2 /* c19widgetApp.swift */; };
		AC8BDDA9277CEB3F00B702B2 /* ContentView.swift in Sources */ = {isa = PBXBuildFile; fileRef = AC8BDD80277CEB3E00B702B2 /* ContentView.swift */; };
		AC8BDDAA277CEB3F00B702B2 /* ContentView.swift in Sources */ = {isa = PBXBuildFile; fileRef = AC8BDD80277CEB3E00B702B2 /* ContentView.swift */; };
		AC8BDDAB277CEB3F00B702B2 /* Assets.xcassets in Resources */ = {isa = PBXBuildFile; fileRef = AC8BDD81277CEB3F00B702B2 /* Assets.xcassets */; };
		AC8BDDAC277CEB3F00B702B2 /* Assets.xcassets in Resources */ = {isa = PBXBuildFile; fileRef = AC8BDD81277CEB3F00B702B2 /* Assets.xcassets */; };
		AC8BDDBC277CEE8400B702B2 /* BarChartCell.swift in Sources */ = {isa = PBXBuildFile; fileRef = AC8BDDBB277CEE8400B702B2 /* BarChartCell.swift */; };
		AC8BDDBD277CEE8400B702B2 /* BarChartCell.swift in Sources */ = {isa = PBXBuildFile; fileRef = AC8BDDBB277CEE8400B702B2 /* BarChartCell.swift */; };
		AC8BDDBF277CEF9B00B702B2 /* BarChart.swift in Sources */ = {isa = PBXBuildFile; fileRef = AC8BDDBE277CEF9B00B702B2 /* BarChart.swift */; };
		AC8BDDC0277CEF9B00B702B2 /* BarChart.swift in Sources */ = {isa = PBXBuildFile; fileRef = AC8BDDBE277CEF9B00B702B2 /* BarChart.swift */; };
		AC8BDDC2277CEFD800B702B2 /* ChartData.swift in Sources */ = {isa = PBXBuildFile; fileRef = AC8BDDC1277CEFD800B702B2 /* ChartData.swift */; };
		AC8BDDC3277CEFD800B702B2 /* ChartData.swift in Sources */ = {isa = PBXBuildFile; fileRef = AC8BDDC1277CEFD800B702B2 /* ChartData.swift */; };
		ACB05B882784CB1300B4E49E /* Covid19APIByCountry.swift in Sources */ = {isa = PBXBuildFile; fileRef = ACB05B872784CB1200B4E49E /* Covid19APIByCountry.swift */; };
		ACB05B892784CB1300B4E49E /* Covid19APIByCountry.swift in Sources */ = {isa = PBXBuildFile; fileRef = ACB05B872784CB1200B4E49E /* Covid19APIByCountry.swift */; };
		ACD7B2182787913C00E5BF9B /* LocationManager.swift in Sources */ = {isa = PBXBuildFile; fileRef = ACD7B2172787913C00E5BF9B /* LocationManager.swift */; };
		ACD7B2192787913C00E5BF9B /* LocationManager.swift in Sources */ = {isa = PBXBuildFile; fileRef = ACD7B2172787913C00E5BF9B /* LocationManager.swift */; };
		ACD7B21F2787B7BA00E5BF9B /* LocationNamesHelper.swift in Sources */ = {isa = PBXBuildFile; fileRef = ACD7B21E2787B7BA00E5BF9B /* LocationNamesHelper.swift */; };
		ACD7B2202787B7BA00E5BF9B /* LocationNamesHelper.swift in Sources */ = {isa = PBXBuildFile; fileRef = ACD7B21E2787B7BA00E5BF9B /* LocationNamesHelper.swift */; };
/* End PBXBuildFile section */

/* Begin PBXContainerItemProxy section */
		AC8BDD94277CEB3F00B702B2 /* PBXContainerItemProxy */ = {
			isa = PBXContainerItemProxy;
			containerPortal = AC8BDD7A277CEB3E00B702B2 /* Project object */;
			proxyType = 1;
			remoteGlobalIDString = AC8BDD85277CEB3F00B702B2;
			remoteInfo = "c19widget (iOS)";
		};
		AC8BDDA0277CEB3F00B702B2 /* PBXContainerItemProxy */ = {
			isa = PBXContainerItemProxy;
			containerPortal = AC8BDD7A277CEB3E00B702B2 /* Project object */;
			proxyType = 1;
			remoteGlobalIDString = AC8BDD8B277CEB3F00B702B2;
			remoteInfo = "c19widget (macOS)";
		};
/* End PBXContainerItemProxy section */

/* Begin PBXFileReference section */
		AC0295E2277E4A910058D664 /* Covid19APIByCountryResponse.swift */ = {isa = PBXFileReference; lastKnownFileType = sourcecode.swift; path = Covid19APIByCountryResponse.swift; sourceTree = "<group>"; };
		AC559E55277E175400F2A382 /* README.md */ = {isa = PBXFileReference; lastKnownFileType = net.daringfireball.markdown; path = README.md; sourceTree = "<group>"; };
		AC559E56277E20D900F2A382 /* DateHelper.swift */ = {isa = PBXFileReference; lastKnownFileType = sourcecode.swift; path = DateHelper.swift; sourceTree = "<group>"; };
		AC8BDD7F277CEB3E00B702B2 /* c19widgetApp.swift */ = {isa = PBXFileReference; lastKnownFileType = sourcecode.swift; path = c19widgetApp.swift; sourceTree = "<group>"; };
		AC8BDD80277CEB3E00B702B2 /* ContentView.swift */ = {isa = PBXFileReference; lastKnownFileType = sourcecode.swift; path = ContentView.swift; sourceTree = "<group>"; };
		AC8BDD81277CEB3F00B702B2 /* Assets.xcassets */ = {isa = PBXFileReference; lastKnownFileType = folder.assetcatalog; path = Assets.xcassets; sourceTree = "<group>"; };
		AC8BDD86277CEB3F00B702B2 /* c19widget.app */ = {isa = PBXFileReference; explicitFileType = wrapper.application; includeInIndex = 0; path = c19widget.app; sourceTree = BUILT_PRODUCTS_DIR; };
		AC8BDD8C277CEB3F00B702B2 /* c19widget.app */ = {isa = PBXFileReference; explicitFileType = wrapper.application; includeInIndex = 0; path = c19widget.app; sourceTree = BUILT_PRODUCTS_DIR; };
		AC8BDD8E277CEB3F00B702B2 /* macOS.entitlements */ = {isa = PBXFileReference; lastKnownFileType = text.plist.entitlements; path = macOS.entitlements; sourceTree = "<group>"; };
		AC8BDD93277CEB3F00B702B2 /* Tests iOS.xctest */ = {isa = PBXFileReference; explicitFileType = wrapper.cfbundle; includeInIndex = 0; path = "Tests iOS.xctest"; sourceTree = BUILT_PRODUCTS_DIR; };
		AC8BDD97277CEB3F00B702B2 /* Tests_iOS.swift */ = {isa = PBXFileReference; lastKnownFileType = sourcecode.swift; path = Tests_iOS.swift; sourceTree = "<group>"; };
		AC8BDD99277CEB3F00B702B2 /* Tests_iOSLaunchTests.swift */ = {isa = PBXFileReference; lastKnownFileType = sourcecode.swift; path = Tests_iOSLaunchTests.swift; sourceTree = "<group>"; };
		AC8BDD9F277CEB3F00B702B2 /* Tests macOS.xctest */ = {isa = PBXFileReference; explicitFileType = wrapper.cfbundle; includeInIndex = 0; path = "Tests macOS.xctest"; sourceTree = BUILT_PRODUCTS_DIR; };
		AC8BDDA3277CEB3F00B702B2 /* Tests_macOS.swift */ = {isa = PBXFileReference; lastKnownFileType = sourcecode.swift; path = Tests_macOS.swift; sourceTree = "<group>"; };
		AC8BDDA5277CEB3F00B702B2 /* Tests_macOSLaunchTests.swift */ = {isa = PBXFileReference; lastKnownFileType = sourcecode.swift; path = Tests_macOSLaunchTests.swift; sourceTree = "<group>"; };
		AC8BDDBB277CEE8400B702B2 /* BarChartCell.swift */ = {isa = PBXFileReference; lastKnownFileType = sourcecode.swift; path = BarChartCell.swift; sourceTree = "<group>"; };
		AC8BDDBE277CEF9B00B702B2 /* BarChart.swift */ = {isa = PBXFileReference; lastKnownFileType = sourcecode.swift; path = BarChart.swift; sourceTree = "<group>"; };
		AC8BDDC1277CEFD800B702B2 /* ChartData.swift */ = {isa = PBXFileReference; lastKnownFileType = sourcecode.swift; path = ChartData.swift; sourceTree = "<group>"; };
		ACB05B872784CB1200B4E49E /* Covid19APIByCountry.swift */ = {isa = PBXFileReference; lastKnownFileType = sourcecode.swift; path = Covid19APIByCountry.swift; sourceTree = "<group>"; };
		ACD7B2172787913C00E5BF9B /* LocationManager.swift */ = {isa = PBXFileReference; lastKnownFileType = sourcecode.swift; path = LocationManager.swift; sourceTree = "<group>"; };
		ACD7B21A2787992F00E5BF9B /* c19widget--iOS--Info.plist */ = {isa = PBXFileReference; lastKnownFileType = text.plist; path = "c19widget--iOS--Info.plist"; sourceTree = "<group>"; };
		ACD7B21E2787B7BA00E5BF9B /* LocationNamesHelper.swift */ = {isa = PBXFileReference; lastKnownFileType = sourcecode.swift; path = LocationNamesHelper.swift; sourceTree = "<group>"; };
/* End PBXFileReference section */

/* Begin PBXFrameworksBuildPhase section */
		AC8BDD83277CEB3F00B702B2 /* Frameworks */ = {
			isa = PBXFrameworksBuildPhase;
			buildActionMask = 2147483647;
			files = (
			);
			runOnlyForDeploymentPostprocessing = 0;
		};
		AC8BDD89277CEB3F00B702B2 /* Frameworks */ = {
			isa = PBXFrameworksBuildPhase;
			buildActionMask = 2147483647;
			files = (
			);
			runOnlyForDeploymentPostprocessing = 0;
		};
		AC8BDD90277CEB3F00B702B2 /* Frameworks */ = {
			isa = PBXFrameworksBuildPhase;
			buildActionMask = 2147483647;
			files = (
			);
			runOnlyForDeploymentPostprocessing = 0;
		};
		AC8BDD9C277CEB3F00B702B2 /* Frameworks */ = {
			isa = PBXFrameworksBuildPhase;
			buildActionMask = 2147483647;
			files = (
			);
			runOnlyForDeploymentPostprocessing = 0;
		};
/* End PBXFrameworksBuildPhase section */

/* Begin PBXGroup section */
		AC8BDD79277CEB3E00B702B2 = {
			isa = PBXGroup;
			children = (
				ACD7B21A2787992F00E5BF9B /* c19widget--iOS--Info.plist */,
				AC8BDD96277CEB3F00B702B2 /* Tests iOS */,
				AC8BDD7E277CEB3E00B702B2 /* Shared */,
				AC8BDD8D277CEB3F00B702B2 /* macOS */,
				AC8BDDA2277CEB3F00B702B2 /* Tests macOS */,
				AC559E55277E175400F2A382 /* README.md */,
				AC8BDD87277CEB3F00B702B2 /* Products */,
			);
			sourceTree = "<group>";
		};
		AC8BDD7E277CEB3E00B702B2 /* Shared */ = {
			isa = PBXGroup;
			children = (
				AC0295E2277E4A910058D664 /* Covid19APIByCountryResponse.swift */,
				AC559E56277E20D900F2A382 /* DateHelper.swift */,
				AC8BDD7F277CEB3E00B702B2 /* c19widgetApp.swift */,
				AC8BDD80277CEB3E00B702B2 /* ContentView.swift */,
				ACD7B2172787913C00E5BF9B /* LocationManager.swift */,
				ACD7B21E2787B7BA00E5BF9B /* LocationNamesHelper.swift */,
				ACB05B872784CB1200B4E49E /* Covid19APIByCountry.swift */,
				AC8BDDBB277CEE8400B702B2 /* BarChartCell.swift */,
				AC8BDDBE277CEF9B00B702B2 /* BarChart.swift */,
				AC8BDDC1277CEFD800B702B2 /* ChartData.swift */,
				AC8BDD81277CEB3F00B702B2 /* Assets.xcassets */,
			);
			path = Shared;
			sourceTree = "<group>";
		};
		AC8BDD87277CEB3F00B702B2 /* Products */ = {
			isa = PBXGroup;
			children = (
				AC8BDD86277CEB3F00B702B2 /* c19widget.app */,
				AC8BDD8C277CEB3F00B702B2 /* c19widget.app */,
				AC8BDD93277CEB3F00B702B2 /* Tests iOS.xctest */,
				AC8BDD9F277CEB3F00B702B2 /* Tests macOS.xctest */,
			);
			name = Products;
			sourceTree = "<group>";
		};
		AC8BDD8D277CEB3F00B702B2 /* macOS */ = {
			isa = PBXGroup;
			children = (
				AC8BDD8E277CEB3F00B702B2 /* macOS.entitlements */,
			);
			path = macOS;
			sourceTree = "<group>";
		};
		AC8BDD96277CEB3F00B702B2 /* Tests iOS */ = {
			isa = PBXGroup;
			children = (
				AC8BDD97277CEB3F00B702B2 /* Tests_iOS.swift */,
				AC8BDD99277CEB3F00B702B2 /* Tests_iOSLaunchTests.swift */,
			);
			path = "Tests iOS";
			sourceTree = "<group>";
		};
		AC8BDDA2277CEB3F00B702B2 /* Tests macOS */ = {
			isa = PBXGroup;
			children = (
				AC8BDDA3277CEB3F00B702B2 /* Tests_macOS.swift */,
				AC8BDDA5277CEB3F00B702B2 /* Tests_macOSLaunchTests.swift */,
			);
			path = "Tests macOS";
			sourceTree = "<group>";
		};
/* End PBXGroup section */

/* Begin PBXNativeTarget section */
		AC8BDD85277CEB3F00B702B2 /* c19widget (iOS) */ = {
			isa = PBXNativeTarget;
			buildConfigurationList = AC8BDDAF277CEB3F00B702B2 /* Build configuration list for PBXNativeTarget "c19widget (iOS)" */;
			buildPhases = (
				AC8BDD82277CEB3F00B702B2 /* Sources */,
				AC8BDD83277CEB3F00B702B2 /* Frameworks */,
				AC8BDD84277CEB3F00B702B2 /* Resources */,
			);
			buildRules = (
			);
			dependencies = (
			);
			name = "c19widget (iOS)";
			productName = "c19widget (iOS)";
			productReference = AC8BDD86277CEB3F00B702B2 /* c19widget.app */;
			productType = "com.apple.product-type.application";
		};
		AC8BDD8B277CEB3F00B702B2 /* c19widget (macOS) */ = {
			isa = PBXNativeTarget;
			buildConfigurationList = AC8BDDB2277CEB3F00B702B2 /* Build configuration list for PBXNativeTarget "c19widget (macOS)" */;
			buildPhases = (
				AC8BDD88277CEB3F00B702B2 /* Sources */,
				AC8BDD89277CEB3F00B702B2 /* Frameworks */,
				AC8BDD8A277CEB3F00B702B2 /* Resources */,
			);
			buildRules = (
			);
			dependencies = (
			);
			name = "c19widget (macOS)";
			productName = "c19widget (macOS)";
			productReference = AC8BDD8C277CEB3F00B702B2 /* c19widget.app */;
			productType = "com.apple.product-type.application";
		};
		AC8BDD92277CEB3F00B702B2 /* Tests iOS */ = {
			isa = PBXNativeTarget;
			buildConfigurationList = AC8BDDB5277CEB3F00B702B2 /* Build configuration list for PBXNativeTarget "Tests iOS" */;
			buildPhases = (
				AC8BDD8F277CEB3F00B702B2 /* Sources */,
				AC8BDD90277CEB3F00B702B2 /* Frameworks */,
				AC8BDD91277CEB3F00B702B2 /* Resources */,
			);
			buildRules = (
			);
			dependencies = (
				AC8BDD95277CEB3F00B702B2 /* PBXTargetDependency */,
			);
			name = "Tests iOS";
			productName = "Tests iOS";
			productReference = AC8BDD93277CEB3F00B702B2 /* Tests iOS.xctest */;
			productType = "com.apple.product-type.bundle.ui-testing";
		};
		AC8BDD9E277CEB3F00B702B2 /* Tests macOS */ = {
			isa = PBXNativeTarget;
			buildConfigurationList = AC8BDDB8277CEB3F00B702B2 /* Build configuration list for PBXNativeTarget "Tests macOS" */;
			buildPhases = (
				AC8BDD9B277CEB3F00B702B2 /* Sources */,
				AC8BDD9C277CEB3F00B702B2 /* Frameworks */,
				AC8BDD9D277CEB3F00B702B2 /* Resources */,
			);
			buildRules = (
			);
			dependencies = (
				AC8BDDA1277CEB3F00B702B2 /* PBXTargetDependency */,
			);
			name = "Tests macOS";
			productName = "Tests macOS";
			productReference = AC8BDD9F277CEB3F00B702B2 /* Tests macOS.xctest */;
			productType = "com.apple.product-type.bundle.ui-testing";
		};
/* End PBXNativeTarget section */

/* Begin PBXProject section */
		AC8BDD7A277CEB3E00B702B2 /* Project object */ = {
			isa = PBXProject;
			attributes = {
				BuildIndependentTargetsInParallel = 1;
				LastSwiftUpdateCheck = 1320;
				LastUpgradeCheck = 1320;
				TargetAttributes = {
					AC8BDD85277CEB3F00B702B2 = {
						CreatedOnToolsVersion = 13.2.1;
					};
					AC8BDD8B277CEB3F00B702B2 = {
						CreatedOnToolsVersion = 13.2.1;
					};
					AC8BDD92277CEB3F00B702B2 = {
						CreatedOnToolsVersion = 13.2.1;
						TestTargetID = AC8BDD85277CEB3F00B702B2;
					};
					AC8BDD9E277CEB3F00B702B2 = {
						CreatedOnToolsVersion = 13.2.1;
						TestTargetID = AC8BDD8B277CEB3F00B702B2;
					};
				};
			};
			buildConfigurationList = AC8BDD7D277CEB3E00B702B2 /* Build configuration list for PBXProject "c19widget" */;
			compatibilityVersion = "Xcode 13.0";
			developmentRegion = en;
			hasScannedForEncodings = 0;
			knownRegions = (
				en,
				Base,
			);
			mainGroup = AC8BDD79277CEB3E00B702B2;
			productRefGroup = AC8BDD87277CEB3F00B702B2 /* Products */;
			projectDirPath = "";
			projectRoot = "";
			targets = (
				AC8BDD85277CEB3F00B702B2 /* c19widget (iOS) */,
				AC8BDD8B277CEB3F00B702B2 /* c19widget (macOS) */,
				AC8BDD92277CEB3F00B702B2 /* Tests iOS */,
				AC8BDD9E277CEB3F00B702B2 /* Tests macOS */,
			);
		};
/* End PBXProject section */

/* Begin PBXResourcesBuildPhase section */
		AC8BDD84277CEB3F00B702B2 /* Resources */ = {
			isa = PBXResourcesBuildPhase;
			buildActionMask = 2147483647;
			files = (
				AC8BDDAB277CEB3F00B702B2 /* Assets.xcassets in Resources */,
			);
			runOnlyForDeploymentPostprocessing = 0;
		};
		AC8BDD8A277CEB3F00B702B2 /* Resources */ = {
			isa = PBXResourcesBuildPhase;
			buildActionMask = 2147483647;
			files = (
				AC8BDDAC277CEB3F00B702B2 /* Assets.xcassets in Resources */,
			);
			runOnlyForDeploymentPostprocessing = 0;
		};
		AC8BDD91277CEB3F00B702B2 /* Resources */ = {
			isa = PBXResourcesBuildPhase;
			buildActionMask = 2147483647;
			files = (
			);
			runOnlyForDeploymentPostprocessing = 0;
		};
		AC8BDD9D277CEB3F00B702B2 /* Resources */ = {
			isa = PBXResourcesBuildPhase;
			buildActionMask = 2147483647;
			files = (
			);
			runOnlyForDeploymentPostprocessing = 0;
		};
/* End PBXResourcesBuildPhase section */

/* Begin PBXSourcesBuildPhase section */
		AC8BDD82277CEB3F00B702B2 /* Sources */ = {
			isa = PBXSourcesBuildPhase;
			buildActionMask = 2147483647;
			files = (
				AC8BDDBF277CEF9B00B702B2 /* BarChart.swift in Sources */,
				AC8BDDC2277CEFD800B702B2 /* ChartData.swift in Sources */,
				AC8BDDA9277CEB3F00B702B2 /* ContentView.swift in Sources */,
				ACD7B21F2787B7BA00E5BF9B /* LocationNamesHelper.swift in Sources */,
				AC752F1F277E214900EDCF78 /* DateHelper.swift in Sources */,
				ACB05B882784CB1300B4E49E /* Covid19APIByCountry.swift in Sources */,
				AC8BDDBC277CEE8400B702B2 /* BarChartCell.swift in Sources */,
				AC0295E3277E5A900058D664 /* Covid19APIByCountryResponse.swift in Sources */,
				AC8BDDA7277CEB3F00B702B2 /* c19widgetApp.swift in Sources */,
				ACD7B2182787913C00E5BF9B /* LocationManager.swift in Sources */,
			);
			runOnlyForDeploymentPostprocessing = 0;
		};
		AC8BDD88277CEB3F00B702B2 /* Sources */ = {
			isa = PBXSourcesBuildPhase;
			buildActionMask = 2147483647;
			files = (
				AC8BDDC0277CEF9B00B702B2 /* BarChart.swift in Sources */,
				AC8BDDC3277CEFD800B702B2 /* ChartData.swift in Sources */,
				AC8BDDAA277CEB3F00B702B2 /* ContentView.swift in Sources */,
				ACD7B2202787B7BA00E5BF9B /* LocationNamesHelper.swift in Sources */,
				AC752F1E277E214900EDCF78 /* DateHelper.swift in Sources */,
				ACB05B892784CB1300B4E49E /* Covid19APIByCountry.swift in Sources */,
				AC8BDDBD277CEE8400B702B2 /* BarChartCell.swift in Sources */,
				AC0295E4277E5A910058D664 /* Covid19APIByCountryResponse.swift in Sources */,
				AC8BDDA8277CEB3F00B702B2 /* c19widgetApp.swift in Sources */,
				ACD7B2192787913C00E5BF9B /* LocationManager.swift in Sources */,
			);
			runOnlyForDeploymentPostprocessing = 0;
		};
		AC8BDD8F277CEB3F00B702B2 /* Sources */ = {
			isa = PBXSourcesBuildPhase;
			buildActionMask = 2147483647;
			files = (
				AC8BDD9A277CEB3F00B702B2 /* Tests_iOSLaunchTests.swift in Sources */,
				AC8BDD98277CEB3F00B702B2 /* Tests_iOS.swift in Sources */,
			);
			runOnlyForDeploymentPostprocessing = 0;
		};
		AC8BDD9B277CEB3F00B702B2 /* Sources */ = {
			isa = PBXSourcesBuildPhase;
			buildActionMask = 2147483647;
			files = (
				AC8BDDA6277CEB3F00B702B2 /* Tests_macOSLaunchTests.swift in Sources */,
				AC8BDDA4277CEB3F00B702B2 /* Tests_macOS.swift in Sources */,
			);
			runOnlyForDeploymentPostprocessing = 0;
		};
/* End PBXSourcesBuildPhase section */

/* Begin PBXTargetDependency section */
		AC8BDD95277CEB3F00B702B2 /* PBXTargetDependency */ = {
			isa = PBXTargetDependency;
			target = AC8BDD85277CEB3F00B702B2 /* c19widget (iOS) */;
			targetProxy = AC8BDD94277CEB3F00B702B2 /* PBXContainerItemProxy */;
		};
		AC8BDDA1277CEB3F00B702B2 /* PBXTargetDependency */ = {
			isa = PBXTargetDependency;
			target = AC8BDD8B277CEB3F00B702B2 /* c19widget (macOS) */;
			targetProxy = AC8BDDA0277CEB3F00B702B2 /* PBXContainerItemProxy */;
		};
/* End PBXTargetDependency section */

/* Begin XCBuildConfiguration section */
		AC8BDDAD277CEB3F00B702B2 /* Debug */ = {
			isa = XCBuildConfiguration;
			buildSettings = {
				ALWAYS_SEARCH_USER_PATHS = NO;
				CLANG_ANALYZER_NONNULL = YES;
				CLANG_ANALYZER_NUMBER_OBJECT_CONVERSION = YES_AGGRESSIVE;
				CLANG_CXX_LANGUAGE_STANDARD = "gnu++17";
				CLANG_CXX_LIBRARY = "libc++";
				CLANG_ENABLE_MODULES = YES;
				CLANG_ENABLE_OBJC_ARC = YES;
				CLANG_ENABLE_OBJC_WEAK = YES;
				CLANG_WARN_BLOCK_CAPTURE_AUTORELEASING = YES;
				CLANG_WARN_BOOL_CONVERSION = YES;
				CLANG_WARN_COMMA = YES;
				CLANG_WARN_CONSTANT_CONVERSION = YES;
				CLANG_WARN_DEPRECATED_OBJC_IMPLEMENTATIONS = YES;
				CLANG_WARN_DIRECT_OBJC_ISA_USAGE = YES_ERROR;
				CLANG_WARN_DOCUMENTATION_COMMENTS = YES;
				CLANG_WARN_EMPTY_BODY = YES;
				CLANG_WARN_ENUM_CONVERSION = YES;
				CLANG_WARN_INFINITE_RECURSION = YES;
				CLANG_WARN_INT_CONVERSION = YES;
				CLANG_WARN_NON_LITERAL_NULL_CONVERSION = YES;
				CLANG_WARN_OBJC_IMPLICIT_RETAIN_SELF = YES;
				CLANG_WARN_OBJC_LITERAL_CONVERSION = YES;
				CLANG_WARN_OBJC_ROOT_CLASS = YES_ERROR;
				CLANG_WARN_QUOTED_INCLUDE_IN_FRAMEWORK_HEADER = YES;
				CLANG_WARN_RANGE_LOOP_ANALYSIS = YES;
				CLANG_WARN_STRICT_PROTOTYPES = YES;
				CLANG_WARN_SUSPICIOUS_MOVE = YES;
				CLANG_WARN_UNGUARDED_AVAILABILITY = YES_AGGRESSIVE;
				CLANG_WARN_UNREACHABLE_CODE = YES;
				CLANG_WARN__DUPLICATE_METHOD_MATCH = YES;
				COPY_PHASE_STRIP = NO;
				DEBUG_INFORMATION_FORMAT = dwarf;
				ENABLE_STRICT_OBJC_MSGSEND = YES;
				ENABLE_TESTABILITY = YES;
				GCC_C_LANGUAGE_STANDARD = gnu11;
				GCC_DYNAMIC_NO_PIC = NO;
				GCC_NO_COMMON_BLOCKS = YES;
				GCC_OPTIMIZATION_LEVEL = 0;
				GCC_PREPROCESSOR_DEFINITIONS = (
					"DEBUG=1",
					"$(inherited)",
				);
				GCC_WARN_64_TO_32_BIT_CONVERSION = YES;
				GCC_WARN_ABOUT_RETURN_TYPE = YES_ERROR;
				GCC_WARN_UNDECLARED_SELECTOR = YES;
				GCC_WARN_UNINITIALIZED_AUTOS = YES_AGGRESSIVE;
				GCC_WARN_UNUSED_FUNCTION = YES;
				GCC_WARN_UNUSED_VARIABLE = YES;
				MTL_ENABLE_DEBUG_INFO = INCLUDE_SOURCE;
				MTL_FAST_MATH = YES;
				ONLY_ACTIVE_ARCH = YES;
				SWIFT_ACTIVE_COMPILATION_CONDITIONS = DEBUG;
				SWIFT_OPTIMIZATION_LEVEL = "-Onone";
			};
			name = Debug;
		};
		AC8BDDAE277CEB3F00B702B2 /* Release */ = {
			isa = XCBuildConfiguration;
			buildSettings = {
				ALWAYS_SEARCH_USER_PATHS = NO;
				CLANG_ANALYZER_NONNULL = YES;
				CLANG_ANALYZER_NUMBER_OBJECT_CONVERSION = YES_AGGRESSIVE;
				CLANG_CXX_LANGUAGE_STANDARD = "gnu++17";
				CLANG_CXX_LIBRARY = "libc++";
				CLANG_ENABLE_MODULES = YES;
				CLANG_ENABLE_OBJC_ARC = YES;
				CLANG_ENABLE_OBJC_WEAK = YES;
				CLANG_WARN_BLOCK_CAPTURE_AUTORELEASING = YES;
				CLANG_WARN_BOOL_CONVERSION = YES;
				CLANG_WARN_COMMA = YES;
				CLANG_WARN_CONSTANT_CONVERSION = YES;
				CLANG_WARN_DEPRECATED_OBJC_IMPLEMENTATIONS = YES;
				CLANG_WARN_DIRECT_OBJC_ISA_USAGE = YES_ERROR;
				CLANG_WARN_DOCUMENTATION_COMMENTS = YES;
				CLANG_WARN_EMPTY_BODY = YES;
				CLANG_WARN_ENUM_CONVERSION = YES;
				CLANG_WARN_INFINITE_RECURSION = YES;
				CLANG_WARN_INT_CONVERSION = YES;
				CLANG_WARN_NON_LITERAL_NULL_CONVERSION = YES;
				CLANG_WARN_OBJC_IMPLICIT_RETAIN_SELF = YES;
				CLANG_WARN_OBJC_LITERAL_CONVERSION = YES;
				CLANG_WARN_OBJC_ROOT_CLASS = YES_ERROR;
				CLANG_WARN_QUOTED_INCLUDE_IN_FRAMEWORK_HEADER = YES;
				CLANG_WARN_RANGE_LOOP_ANALYSIS = YES;
				CLANG_WARN_STRICT_PROTOTYPES = YES;
				CLANG_WARN_SUSPICIOUS_MOVE = YES;
				CLANG_WARN_UNGUARDED_AVAILABILITY = YES_AGGRESSIVE;
				CLANG_WARN_UNREACHABLE_CODE = YES;
				CLANG_WARN__DUPLICATE_METHOD_MATCH = YES;
				COPY_PHASE_STRIP = NO;
				DEBUG_INFORMATION_FORMAT = "dwarf-with-dsym";
				ENABLE_NS_ASSERTIONS = NO;
				ENABLE_STRICT_OBJC_MSGSEND = YES;
				GCC_C_LANGUAGE_STANDARD = gnu11;
				GCC_NO_COMMON_BLOCKS = YES;
				GCC_WARN_64_TO_32_BIT_CONVERSION = YES;
				GCC_WARN_ABOUT_RETURN_TYPE = YES_ERROR;
				GCC_WARN_UNDECLARED_SELECTOR = YES;
				GCC_WARN_UNINITIALIZED_AUTOS = YES_AGGRESSIVE;
				GCC_WARN_UNUSED_FUNCTION = YES;
				GCC_WARN_UNUSED_VARIABLE = YES;
				MTL_ENABLE_DEBUG_INFO = NO;
				MTL_FAST_MATH = YES;
				SWIFT_COMPILATION_MODE = wholemodule;
				SWIFT_OPTIMIZATION_LEVEL = "-O";
			};
			name = Release;
		};
		AC8BDDB0277CEB3F00B702B2 /* Debug */ = {
			isa = XCBuildConfiguration;
			buildSettings = {
				ASSETCATALOG_COMPILER_APPICON_NAME = AppIcon;
				ASSETCATALOG_COMPILER_GLOBAL_ACCENT_COLOR_NAME = AccentColor;
				CODE_SIGN_STYLE = Automatic;
				CURRENT_PROJECT_VERSION = 1;
				DEVELOPMENT_TEAM = 6QY69PUF72;
				ENABLE_PREVIEWS = YES;
				GENERATE_INFOPLIST_FILE = YES;
				INFOPLIST_FILE = "c19widget--iOS--Info.plist";
				INFOPLIST_KEY_NSLocationWhenInUseUsageDescription = "Your location is used to present COVID-19 case counts local to your area.";
				INFOPLIST_KEY_UIApplicationSceneManifest_Generation = YES;
				INFOPLIST_KEY_UIApplicationSupportsIndirectInputEvents = YES;
				INFOPLIST_KEY_UILaunchScreen_Generation = YES;
				INFOPLIST_KEY_UISupportedInterfaceOrientations_iPad = "UIInterfaceOrientationPortrait UIInterfaceOrientationPortraitUpsideDown UIInterfaceOrientationLandscapeLeft UIInterfaceOrientationLandscapeRight";
				INFOPLIST_KEY_UISupportedInterfaceOrientations_iPhone = "UIInterfaceOrientationPortrait UIInterfaceOrientationLandscapeLeft UIInterfaceOrientationLandscapeRight";
				IPHONEOS_DEPLOYMENT_TARGET = 15.2;
				LD_RUNPATH_SEARCH_PATHS = (
					"$(inherited)",
					"@executable_path/Frameworks",
				);
				MARKETING_VERSION = 1.0;
				PRODUCT_BUNDLE_IDENTIFIER = com.joybending.c19widget;
				PRODUCT_NAME = c19widget;
				SDKROOT = iphoneos;
				SWIFT_EMIT_LOC_STRINGS = YES;
				SWIFT_VERSION = 5.0;
				TARGETED_DEVICE_FAMILY = "1,2";
			};
			name = Debug;
		};
		AC8BDDB1277CEB3F00B702B2 /* Release */ = {
			isa = XCBuildConfiguration;
			buildSettings = {
				ASSETCATALOG_COMPILER_APPICON_NAME = AppIcon;
				ASSETCATALOG_COMPILER_GLOBAL_ACCENT_COLOR_NAME = AccentColor;
				CODE_SIGN_STYLE = Automatic;
				CURRENT_PROJECT_VERSION = 1;
				DEVELOPMENT_TEAM = 6QY69PUF72;
				ENABLE_PREVIEWS = YES;
				GENERATE_INFOPLIST_FILE = YES;
				INFOPLIST_FILE = "c19widget--iOS--Info.plist";
				INFOPLIST_KEY_NSLocationWhenInUseUsageDescription = "Your location is used to present COVID-19 case counts local to your area.";
				INFOPLIST_KEY_UIApplicationSceneManifest_Generation = YES;
				INFOPLIST_KEY_UIApplicationSupportsIndirectInputEvents = YES;
				INFOPLIST_KEY_UILaunchScreen_Generation = YES;
				INFOPLIST_KEY_UISupportedInterfaceOrientations_iPad = "UIInterfaceOrientationPortrait UIInterfaceOrientationPortraitUpsideDown UIInterfaceOrientationLandscapeLeft UIInterfaceOrientationLandscapeRight";
				INFOPLIST_KEY_UISupportedInterfaceOrientations_iPhone = "UIInterfaceOrientationPortrait UIInterfaceOrientationLandscapeLeft UIInterfaceOrientationLandscapeRight";
				IPHONEOS_DEPLOYMENT_TARGET = 15.2;
				LD_RUNPATH_SEARCH_PATHS = (
					"$(inherited)",
					"@executable_path/Frameworks",
				);
				MARKETING_VERSION = 1.0;
				PRODUCT_BUNDLE_IDENTIFIER = com.joybending.c19widget;
				PRODUCT_NAME = c19widget;
				SDKROOT = iphoneos;
				SWIFT_EMIT_LOC_STRINGS = YES;
				SWIFT_VERSION = 5.0;
				TARGETED_DEVICE_FAMILY = "1,2";
				VALIDATE_PRODUCT = YES;
			};
			name = Release;
		};
		AC8BDDB3277CEB3F00B702B2 /* Debug */ = {
			isa = XCBuildConfiguration;
			buildSettings = {
				ASSETCATALOG_COMPILER_APPICON_NAME = AppIcon;
				ASSETCATALOG_COMPILER_GLOBAL_ACCENT_COLOR_NAME = AccentColor;
				CODE_SIGN_ENTITLEMENTS = macOS/macOS.entitlements;
				CODE_SIGN_STYLE = Automatic;
				COMBINE_HIDPI_IMAGES = YES;
				CURRENT_PROJECT_VERSION = 1;
				ENABLE_PREVIEWS = YES;
				GENERATE_INFOPLIST_FILE = YES;
				INFOPLIST_KEY_NSHumanReadableCopyright = "";
				INFOPLIST_KEY_NSLocationUsageDescription = "Your location is used to present COVID-19 case counts local to your area.";
				LD_RUNPATH_SEARCH_PATHS = (
					"$(inherited)",
					"@executable_path/../Frameworks",
				);
				MACOSX_DEPLOYMENT_TARGET = 12.1;
				MARKETING_VERSION = 1.0;
				PRODUCT_BUNDLE_IDENTIFIER = com.joybending.c19widget;
				PRODUCT_NAME = c19widget;
				SDKROOT = macosx;
				SWIFT_EMIT_LOC_STRINGS = YES;
				SWIFT_VERSION = 5.0;
			};
			name = Debug;
		};
		AC8BDDB4277CEB3F00B702B2 /* Release */ = {
			isa = XCBuildConfiguration;
			buildSettings = {
				ASSETCATALOG_COMPILER_APPICON_NAME = AppIcon;
				ASSETCATALOG_COMPILER_GLOBAL_ACCENT_COLOR_NAME = AccentColor;
				CODE_SIGN_ENTITLEMENTS = macOS/macOS.entitlements;
				CODE_SIGN_STYLE = Automatic;
				COMBINE_HIDPI_IMAGES = YES;
				CURRENT_PROJECT_VERSION = 1;
				ENABLE_PREVIEWS = YES;
				GENERATE_INFOPLIST_FILE = YES;
				INFOPLIST_KEY_NSHumanReadableCopyright = "";
				INFOPLIST_KEY_NSLocationUsageDescription = "Your location is used to present COVID-19 case counts local to your area.";
				LD_RUNPATH_SEARCH_PATHS = (
					"$(inherited)",
					"@executable_path/../Frameworks",
				);
				MACOSX_DEPLOYMENT_TARGET = 12.1;
				MARKETING_VERSION = 1.0;
				PRODUCT_BUNDLE_IDENTIFIER = com.joybending.c19widget;
				PRODUCT_NAME = c19widget;
				SDKROOT = macosx;
				SWIFT_EMIT_LOC_STRINGS = YES;
				SWIFT_VERSION = 5.0;
			};
			name = Release;
		};
		AC8BDDB6277CEB3F00B702B2 /* Debug */ = {
			isa = XCBuildConfiguration;
			buildSettings = {
				ALWAYS_EMBED_SWIFT_STANDARD_LIBRARIES = YES;
				CODE_SIGN_STYLE = Automatic;
				CURRENT_PROJECT_VERSION = 1;
				GENERATE_INFOPLIST_FILE = YES;
				IPHONEOS_DEPLOYMENT_TARGET = 15.2;
				MARKETING_VERSION = 1.0;
				PRODUCT_BUNDLE_IDENTIFIER = "com.joybending.Tests-iOS";
				PRODUCT_NAME = "$(TARGET_NAME)";
				SDKROOT = iphoneos;
				SWIFT_EMIT_LOC_STRINGS = NO;
				SWIFT_VERSION = 5.0;
				TARGETED_DEVICE_FAMILY = "1,2";
				TEST_TARGET_NAME = "c19widget (iOS)";
			};
			name = Debug;
		};
		AC8BDDB7277CEB3F00B702B2 /* Release */ = {
			isa = XCBuildConfiguration;
			buildSettings = {
				ALWAYS_EMBED_SWIFT_STANDARD_LIBRARIES = YES;
				CODE_SIGN_STYLE = Automatic;
				CURRENT_PROJECT_VERSION = 1;
				GENERATE_INFOPLIST_FILE = YES;
				IPHONEOS_DEPLOYMENT_TARGET = 15.2;
				MARKETING_VERSION = 1.0;
				PRODUCT_BUNDLE_IDENTIFIER = "com.joybending.Tests-iOS";
				PRODUCT_NAME = "$(TARGET_NAME)";
				SDKROOT = iphoneos;
				SWIFT_EMIT_LOC_STRINGS = NO;
				SWIFT_VERSION = 5.0;
				TARGETED_DEVICE_FAMILY = "1,2";
				TEST_TARGET_NAME = "c19widget (iOS)";
				VALIDATE_PRODUCT = YES;
			};
			name = Release;
		};
		AC8BDDB9277CEB3F00B702B2 /* Debug */ = {
			isa = XCBuildConfiguration;
			buildSettings = {
				ALWAYS_EMBED_SWIFT_STANDARD_LIBRARIES = YES;
				CODE_SIGN_STYLE = Automatic;
				CURRENT_PROJECT_VERSION = 1;
				GENERATE_INFOPLIST_FILE = YES;
				MACOSX_DEPLOYMENT_TARGET = 12.1;
				MARKETING_VERSION = 1.0;
				PRODUCT_BUNDLE_IDENTIFIER = "com.joybending.Tests-macOS";
				PRODUCT_NAME = "$(TARGET_NAME)";
				SDKROOT = macosx;
				SWIFT_EMIT_LOC_STRINGS = NO;
				SWIFT_VERSION = 5.0;
				TEST_TARGET_NAME = "c19widget (macOS)";
			};
			name = Debug;
		};
		AC8BDDBA277CEB3F00B702B2 /* Release */ = {
			isa = XCBuildConfiguration;
			buildSettings = {
				ALWAYS_EMBED_SWIFT_STANDARD_LIBRARIES = YES;
				CODE_SIGN_STYLE = Automatic;
				CURRENT_PROJECT_VERSION = 1;
				GENERATE_INFOPLIST_FILE = YES;
				MACOSX_DEPLOYMENT_TARGET = 12.1;
				MARKETING_VERSION = 1.0;
				PRODUCT_BUNDLE_IDENTIFIER = "com.joybending.Tests-macOS";
				PRODUCT_NAME = "$(TARGET_NAME)";
				SDKROOT = macosx;
				SWIFT_EMIT_LOC_STRINGS = NO;
				SWIFT_VERSION = 5.0;
				TEST_TARGET_NAME = "c19widget (macOS)";
			};
			name = Release;
		};
/* End XCBuildConfiguration section */

/* Begin XCConfigurationList section */
		AC8BDD7D277CEB3E00B702B2 /* Build configuration list for PBXProject "c19widget" */ = {
			isa = XCConfigurationList;
			buildConfigurations = (
				AC8BDDAD277CEB3F00B702B2 /* Debug */,
				AC8BDDAE277CEB3F00B702B2 /* Release */,
			);
			defaultConfigurationIsVisible = 0;
			defaultConfigurationName = Release;
		};
		AC8BDDAF277CEB3F00B702B2 /* Build configuration list for PBXNativeTarget "c19widget (iOS)" */ = {
			isa = XCConfigurationList;
			buildConfigurations = (
				AC8BDDB0277CEB3F00B702B2 /* Debug */,
				AC8BDDB1277CEB3F00B702B2 /* Release */,
			);
			defaultConfigurationIsVisible = 0;
			defaultConfigurationName = Release;
		};
		AC8BDDB2277CEB3F00B702B2 /* Build configuration list for PBXNativeTarget "c19widget (macOS)" */ = {
			isa = XCConfigurationList;
			buildConfigurations = (
				AC8BDDB3277CEB3F00B702B2 /* Debug */,
				AC8BDDB4277CEB3F00B702B2 /* Release */,
			);
			defaultConfigurationIsVisible = 0;
			defaultConfigurationName = Release;
		};
		AC8BDDB5277CEB3F00B702B2 /* Build configuration list for PBXNativeTarget "Tests iOS" */ = {
			isa = XCConfigurationList;
			buildConfigurations = (
				AC8BDDB6277CEB3F00B702B2 /* Debug */,
				AC8BDDB7277CEB3F00B702B2 /* Release */,
			);
			defaultConfigurationIsVisible = 0;
			defaultConfigurationName = Release;
		};
		AC8BDDB8277CEB3F00B702B2 /* Build configuration list for PBXNativeTarget "Tests macOS" */ = {
			isa = XCConfigurationList;
			buildConfigurations = (
				AC8BDDB9277CEB3F00B702B2 /* Debug */,
				AC8BDDBA277CEB3F00B702B2 /* Release */,
			);
			defaultConfigurationIsVisible = 0;
			defaultConfigurationName = Release;
		};
/* End XCConfigurationList section */
	};
	rootObject = AC8BDD7A277CEB3E00B702B2 /* Project object */;
}
